
Microsoft Visual Studio Solution File, Format Version 12.00
# Visual Studio 15
VisualStudioVersion = 15.0.28307.168
MinimumVisualStudioVersion = 10.0.40219.1
Project("{FAE04EC0-301F-11D3-BF4B-00C04F79EFBC}") = "KLWines.ShoppingCartService.Domain", "KLWines.ShoppingCartService.Domain\KLWines.ShoppingCartService.Domain.csproj", "{470AAC1B-ECDF-4662-A315-7DADAD5B590B}"
EndProject
Project("{FAE04EC0-301F-11D3-BF4B-00C04F79EFBC}") = "KLWines.ShoppingCartService.Domain.Tests", "KLWines.ShoppingCartService.Domain.Tests\KLWines.ShoppingCartService.Domain.Tests.csproj", "{606E3086-517F-45BD-9A1E-6568ACCB437A}"
EndProject
Project("{FAE04EC0-301F-11D3-BF4B-00C04F79EFBC}") = "KLWines.ShoppingCartService.Domain.Interfaces", "KLWines.ShoppingCartService.Domain.Interfaces\KLWines.ShoppingCartService.Domain.Interfaces.csproj", "{0593A9E2-B66B-40E6-A796-6C34B50BDE2D}"
EndProject
Global
	GlobalSection(SolutionConfigurationPlatforms) = preSolution
		Debug|Any CPU = Debug|Any CPU
		Release|Any CPU = Release|Any CPU
	EndGlobalSection
	GlobalSection(ProjectConfigurationPlatforms) = postSolution
		{470AAC1B-ECDF-4662-A315-7DADAD5B590B}.Debug|Any CPU.ActiveCfg = Debug|Any CPU
		{470AAC1B-ECDF-4662-A315-7DADAD5B590B}.Debug|Any CPU.Build.0 = Debug|Any CPU
		{470AAC1B-ECDF-4662-A315-7DADAD5B590B}.Release|Any CPU.ActiveCfg = Release|Any CPU
		{470AAC1B-ECDF-4662-A315-7DADAD5B590B}.Release|Any CPU.Build.0 = Release|Any CPU
		{606E3086-517F-45BD-9A1E-6568ACCB437A}.Debug|Any CPU.ActiveCfg = Debug|Any CPU
		{606E3086-517F-45BD-9A1E-6568ACCB437A}.Debug|Any CPU.Build.0 = Debug|Any CPU
		{606E3086-517F-45BD-9A1E-6568ACCB437A}.Release|Any CPU.ActiveCfg = Release|Any CPU
		{606E3086-517F-45BD-9A1E-6568ACCB437A}.Release|Any CPU.Build.0 = Release|Any CPU
		{0593A9E2-B66B-40E6-A796-6C34B50BDE2D}.Debug|Any CPU.ActiveCfg = Debug|Any CPU
		{0593A9E2-B66B-40E6-A796-6C34B50BDE2D}.Debug|Any CPU.Build.0 = Debug|Any CPU
		{0593A9E2-B66B-40E6-A796-6C34B50BDE2D}.Release|Any CPU.ActiveCfg = Release|Any CPU
		{0593A9E2-B66B-40E6-A796-6C34B50BDE2D}.Release|Any CPU.Build.0 = Release|Any CPU
	EndGlobalSection
	GlobalSection(SolutionProperties) = preSolution
		HideSolutionNode = FALSE
	EndGlobalSection
	GlobalSection(ExtensibilityGlobals) = postSolution
		SolutionGuid = {A7F304FA-A5B8-4B23-8B6A-1575D522677F}
	EndGlobalSection
EndGlobal
