
Microsoft Visual Studio Solution File, Format Version 12.00
# Visual Studio Version 16
VisualStudioVersion = 16.0.28803.156
MinimumVisualStudioVersion = 10.0.40219.1
Project("{FAE04EC0-301F-11D3-BF4B-00C04F79EFBC}") = "KLWines.ShoppingCartService.Domain.Tests", "KLWines.ShoppingCartService.Domain.Tests\KLWines.ShoppingCartService.Domain.Tests.csproj", "{606E3086-517F-45BD-9A1E-6568ACCB437A}"
EndProject
Project("{9A19103F-16F7-4668-BE54-9A1E7A4F7556}") = "KLWines.ShoppingCartService.Domain.Interfaces", "KLWines.ShoppingCartService.Domain.Interfaces\KLWines.ShoppingCartService.Domain.Interfaces.csproj", "{0593A9E2-B66B-40E6-A796-6C34B50BDE2D}"
EndProject
Project("{9A19103F-16F7-4668-BE54-9A1E7A4F7556}") = "KLWines.ShoppingCartService.Domain.Core", "KLWines.ShoppingCartService.Domain.Core\KLWines.ShoppingCartService.Domain.Core.csproj", "{B23B86F9-DA6B-490D-9D02-62D75DCE210A}"
EndProject
Project("{9A19103F-16F7-4668-BE54-9A1E7A4F7556}") = "KLWines.ShoppingCartService.Orleans.Silo", "KLWines.ShoppingCartService.Orleans.Silo\KLWines.ShoppingCartService.Orleans.Silo.csproj", "{0F04B0F4-018E-42F2-9C5C-AB6884FF6EEB}"
EndProject
Project("{9A19103F-16F7-4668-BE54-9A1E7A4F7556}") = "KLWines.ShoppingCartService.ShoppingCartGrain.Inter", "KLWines.ShoppingCartService.ShoppingCartGrain.Inter\KLWines.ShoppingCartService.ShoppingCartGrain.Inter.csproj", "{30E20F47-F2C1-446B-BE55-B6367C84C67B}"
EndProject
Project("{FAE04EC0-301F-11D3-BF4B-00C04F79EFBC}") = "KLWines.ShoppingCartService.ShoppingCartGrain", "KLWines.ShoppingCartService.ShoppingCartGrain\KLWines.ShoppingCartService.ShoppingCartGrain.csproj", "{351408CC-0565-4E70-AFE0-6B176058FC0F}"
EndProject
Project("{9A19103F-16F7-4668-BE54-9A1E7A4F7556}") = "KLWines.ShoppingCartService.Orleans.Client", "KLWines.ShoppingCartService.Orleans.Client\KLWines.ShoppingCartService.Orleans.Client.csproj", "{92F8A6E3-3DF8-4C93-9CE0-04526CCA95A9}"
EndProject
Global
	GlobalSection(SolutionConfigurationPlatforms) = preSolution
		Debug|Any CPU = Debug|Any CPU
		Release|Any CPU = Release|Any CPU
	EndGlobalSection
	GlobalSection(ProjectConfigurationPlatforms) = postSolution
		{606E3086-517F-45BD-9A1E-6568ACCB437A}.Debug|Any CPU.ActiveCfg = Debug|Any CPU
		{606E3086-517F-45BD-9A1E-6568ACCB437A}.Debug|Any CPU.Build.0 = Debug|Any CPU
		{606E3086-517F-45BD-9A1E-6568ACCB437A}.Release|Any CPU.ActiveCfg = Release|Any CPU
		{606E3086-517F-45BD-9A1E-6568ACCB437A}.Release|Any CPU.Build.0 = Release|Any CPU
		{0593A9E2-B66B-40E6-A796-6C34B50BDE2D}.Debug|Any CPU.ActiveCfg = Debug|Any CPU
		{0593A9E2-B66B-40E6-A796-6C34B50BDE2D}.Debug|Any CPU.Build.0 = Debug|Any CPU
		{0593A9E2-B66B-40E6-A796-6C34B50BDE2D}.Release|Any CPU.ActiveCfg = Release|Any CPU
		{0593A9E2-B66B-40E6-A796-6C34B50BDE2D}.Release|Any CPU.Build.0 = Release|Any CPU
		{B23B86F9-DA6B-490D-9D02-62D75DCE210A}.Debug|Any CPU.ActiveCfg = Debug|Any CPU
		{B23B86F9-DA6B-490D-9D02-62D75DCE210A}.Debug|Any CPU.Build.0 = Debug|Any CPU
		{B23B86F9-DA6B-490D-9D02-62D75DCE210A}.Release|Any CPU.ActiveCfg = Release|Any CPU
		{B23B86F9-DA6B-490D-9D02-62D75DCE210A}.Release|Any CPU.Build.0 = Release|Any CPU
		{0F04B0F4-018E-42F2-9C5C-AB6884FF6EEB}.Debug|Any CPU.ActiveCfg = Debug|Any CPU
		{0F04B0F4-018E-42F2-9C5C-AB6884FF6EEB}.Debug|Any CPU.Build.0 = Debug|Any CPU
		{0F04B0F4-018E-42F2-9C5C-AB6884FF6EEB}.Release|Any CPU.ActiveCfg = Release|Any CPU
		{0F04B0F4-018E-42F2-9C5C-AB6884FF6EEB}.Release|Any CPU.Build.0 = Release|Any CPU
		{30E20F47-F2C1-446B-BE55-B6367C84C67B}.Debug|Any CPU.ActiveCfg = Debug|Any CPU
		{30E20F47-F2C1-446B-BE55-B6367C84C67B}.Debug|Any CPU.Build.0 = Debug|Any CPU
		{30E20F47-F2C1-446B-BE55-B6367C84C67B}.Release|Any CPU.ActiveCfg = Release|Any CPU
		{30E20F47-F2C1-446B-BE55-B6367C84C67B}.Release|Any CPU.Build.0 = Release|Any CPU
		{351408CC-0565-4E70-AFE0-6B176058FC0F}.Debug|Any CPU.ActiveCfg = Debug|Any CPU
		{351408CC-0565-4E70-AFE0-6B176058FC0F}.Debug|Any CPU.Build.0 = Debug|Any CPU
		{351408CC-0565-4E70-AFE0-6B176058FC0F}.Release|Any CPU.ActiveCfg = Release|Any CPU
		{351408CC-0565-4E70-AFE0-6B176058FC0F}.Release|Any CPU.Build.0 = Release|Any CPU
		{92F8A6E3-3DF8-4C93-9CE0-04526CCA95A9}.Debug|Any CPU.ActiveCfg = Debug|Any CPU
		{92F8A6E3-3DF8-4C93-9CE0-04526CCA95A9}.Debug|Any CPU.Build.0 = Debug|Any CPU
		{92F8A6E3-3DF8-4C93-9CE0-04526CCA95A9}.Release|Any CPU.ActiveCfg = Release|Any CPU
		{92F8A6E3-3DF8-4C93-9CE0-04526CCA95A9}.Release|Any CPU.Build.0 = Release|Any CPU
	EndGlobalSection
	GlobalSection(SolutionProperties) = preSolution
		HideSolutionNode = FALSE
	EndGlobalSection
	GlobalSection(ExtensibilityGlobals) = postSolution
		SolutionGuid = {A7F304FA-A5B8-4B23-8B6A-1575D522677F}
	EndGlobalSection
EndGlobal
